<?xml version="1.0" encoding="utf-8"?>
<Project ToolsVersion="4.0" xmlns="http://schemas.microsoft.com/developer/msbuild/2003">
  <ItemGroup>
    <Filter Include="소스 파일">
      <UniqueIdentifier>{4FC737F1-C7A5-4376-A066-2A32D752A2FF}</UniqueIdentifier>
      <Extensions>cpp;c;cc;cxx;def;odl;idl;hpj;bat;asm;asmx</Extensions>
    </Filter>
    <Filter Include="헤더 파일">
      <UniqueIdentifier>{93995380-89BD-4b04-88EB-625FBE52EBFB}</UniqueIdentifier>
      <Extensions>h;hh;hpp;hxx;hm;inl;inc;ipp;xsd</Extensions>
    </Filter>
    <Filter Include="리소스 파일">
      <UniqueIdentifier>{67DA6AB6-F800-4c08-8B7A-83BB121AAD01}</UniqueIdentifier>
      <Extensions>rc;ico;cur;bmp;dlg;rc2;rct;bin;rgs;gif;jpg;jpeg;jpe;resx;tiff;tif;png;wav;mfcribbon-ms</Extensions>
    </Filter>
  </ItemGroup>
  <ItemGroup>
    <ClCompile Include="main.cpp">
      <Filter>소스 파일</Filter>
    </ClCompile>
    <ClCompile Include="02클래스.cpp">
      <Filter>소스 파일</Filter>
    </ClCompile>
    <ClCompile Include="03_02깊은복사.cpp">
      <Filter>소스 파일</Filter>
    </ClCompile>
    <ClCompile Include="03_03소멸자.cpp">
      <Filter>소스 파일</Filter>
    </ClCompile>
    <ClCompile Include="03_01생성자.cpp">
      <Filter>소스 파일</Filter>
    </ClCompile>
    <ClCompile Include="04상속.cpp">
      <Filter>소스 파일</Filter>
    </ClCompile>
    <ClCompile Include="05_01함수오버로딩.cpp">
      <Filter>소스 파일</Filter>
    </ClCompile>
    <ClCompile Include="05_02연산자오버로딩.cpp">
      <Filter>소스 파일</Filter>
    </ClCompile>
    <ClCompile Include="06_01캡슐화.cpp">
      <Filter>소스 파일</Filter>
    </ClCompile>
    <ClCompile Include="06_02프렌드클래스.cpp">
      <Filter>소스 파일</Filter>
    </ClCompile>
    <ClCompile Include="06_03정적멤버.cpp">
      <Filter>소스 파일</Filter>
    </ClCompile>
    <ClCompile Include="06_04상수멤버.cpp">
      <Filter>소스 파일</Filter>
    </ClCompile>
    <ClCompile Include="07다형성.cpp">
      <Filter>소스 파일</Filter>
    </ClCompile>
    <ClCompile Include="08_01템플릿함수.cpp">
      <Filter>소스 파일</Filter>
    </ClCompile>
    <ClCompile Include="08_02템플릿클래스.cpp">
      <Filter>소스 파일</Filter>
    </ClCompile>
    <ClCompile Include="09_01스마트포인터.cpp">
      <Filter>소스 파일</Filter>
    </ClCompile>
    <ClCompile Include="09_02unique_ptr.cpp">
      <Filter>소스 파일</Filter>
    </ClCompile>
    <ClCompile Include="09_02shared_ptr.cpp">
      <Filter>소스 파일</Filter>
    </ClCompile>
  </ItemGroup>
</Project>